
Microsoft Visual Studio Solution File, Format Version 12.00
# Visual Studio Version 17
VisualStudioVersion = 17.6.33723.286
MinimumVisualStudioVersion = 10.0.40219.1
Project("{FAE04EC0-301F-11D3-BF4B-00C04F79EFBC}") = "dialog bill calculter", "dialog bill calculter.csproj", "{1DFB8CC7-7936-431E-BF8B-074328CCBBD0}"
EndProject
Global
	GlobalSection(SolutionConfigurationPlatforms) = preSolution
		Debug|Any CPU = Debug|Any CPU
		Release|Any CPU = Release|Any CPU
	EndGlobalSection
	GlobalSection(ProjectConfigurationPlatforms) = postSolution
		{1DFB8CC7-7936-431E-BF8B-074328CCBBD0}.Debug|Any CPU.ActiveCfg = Debug|Any CPU
		{1DFB8CC7-7936-431E-BF8B-074328CCBBD0}.Debug|Any CPU.Build.0 = Debug|Any CPU
		{1DFB8CC7-7936-431E-BF8B-074328CCBBD0}.Release|Any CPU.ActiveCfg = Release|Any CPU
		{1DFB8CC7-7936-431E-BF8B-074328CCBBD0}.Release|Any CPU.Build.0 = Release|Any CPU
	EndGlobalSection
	GlobalSection(SolutionProperties) = preSolution
		HideSolutionNode = FALSE
	EndGlobalSection
	GlobalSection(ExtensibilityGlobals) = postSolution
		SolutionGuid = {34924964-DBF4-4937-A350-C51552C52860}
	EndGlobalSection
EndGlobal
